// !$*UTF8*$!
{
	archiveVersion = 1;
	classes = {
	};
	objectVersion = 48;
	objects = {

/* Begin PBXBuildFile section */
		AE4E52001F9F0CC4007EFFBB /* DisplayValueLabel.swift in Sources */ = {isa = PBXBuildFile; fileRef = AE4E51FF1F9F0CC4007EFFBB /* DisplayValueLabel.swift */; };
		AE6216831F9C5F740067E9D2 /* AppDelegate.swift in Sources */ = {isa = PBXBuildFile; fileRef = AE6216821F9C5F740067E9D2 /* AppDelegate.swift */; };
		AE6216851F9C5F740067E9D2 /* ViewController.swift in Sources */ = {isa = PBXBuildFile; fileRef = AE6216841F9C5F740067E9D2 /* ViewController.swift */; };
		AE6216881F9C5F740067E9D2 /* Main.storyboard in Resources */ = {isa = PBXBuildFile; fileRef = AE6216861F9C5F740067E9D2 /* Main.storyboard */; };
		AE62168A1F9C5F740067E9D2 /* Assets.xcassets in Resources */ = {isa = PBXBuildFile; fileRef = AE6216891F9C5F740067E9D2 /* Assets.xcassets */; };
		AE62168D1F9C5F740067E9D2 /* LaunchScreen.storyboard in Resources */ = {isa = PBXBuildFile; fileRef = AE62168B1F9C5F740067E9D2 /* LaunchScreen.storyboard */; };
		AEAA79731F9DB0FA00EEB70B /* CalculatorBrain.swift in Sources */ = {isa = PBXBuildFile; fileRef = AEAA79721F9DB0FA00EEB70B /* CalculatorBrain.swift */; };
		AEAA79751F9DF54800EEB70B /* OperatorButton.swift in Sources */ = {isa = PBXBuildFile; fileRef = AEAA79741F9DF54800EEB70B /* OperatorButton.swift */; };
		AEAA79771F9DF76D00EEB70B /* Chameleon.framework in Frameworks */ = {isa = PBXBuildFile; fileRef = AEAA79761F9DF76D00EEB70B /* Chameleon.framework */; };
		AEAA79781F9DF76D00EEB70B /* Chameleon.framework in Embed Frameworks */ = {isa = PBXBuildFile; fileRef = AEAA79761F9DF76D00EEB70B /* Chameleon.framework */; settings = {ATTRIBUTES = (CodeSignOnCopy, RemoveHeadersOnCopy, ); }; };
/* End PBXBuildFile section */

/* Begin PBXCopyFilesBuildPhase section */
		AEAA79791F9DF76D00EEB70B /* Embed Frameworks */ = {
			isa = PBXCopyFilesBuildPhase;
			buildActionMask = 2147483647;
			dstPath = "";
			dstSubfolderSpec = 10;
			files = (
				AEAA79781F9DF76D00EEB70B /* Chameleon.framework in Embed Frameworks */,
			);
			name = "Embed Frameworks";
			runOnlyForDeploymentPostprocessing = 0;
		};
/* End PBXCopyFilesBuildPhase section */

/* Begin PBXFileReference section */
		AE4E51FF1F9F0CC4007EFFBB /* DisplayValueLabel.swift */ = {isa = PBXFileReference; lastKnownFileType = sourcecode.swift; path = DisplayValueLabel.swift; sourceTree = "<group>"; };
		AE62167F1F9C5F740067E9D2 /* Calculator.app */ = {isa = PBXFileReference; explicitFileType = wrapper.application; includeInIndex = 0; path = Calculator.app; sourceTree = BUILT_PRODUCTS_DIR; };
		AE6216821F9C5F740067E9D2 /* AppDelegate.swift */ = {isa = PBXFileReference; lastKnownFileType = sourcecode.swift; path = AppDelegate.swift; sourceTree = "<group>"; };
		AE6216841F9C5F740067E9D2 /* ViewController.swift */ = {isa = PBXFileReference; lastKnownFileType = sourcecode.swift; path = ViewController.swift; sourceTree = "<group>"; };
		AE6216871F9C5F740067E9D2 /* Base */ = {isa = PBXFileReference; lastKnownFileType = file.storyboard; name = Base; path = Base.lproj/Main.storyboard; sourceTree = "<group>"; };
		AE6216891F9C5F740067E9D2 /* Assets.xcassets */ = {isa = PBXFileReference; lastKnownFileType = folder.assetcatalog; path = Assets.xcassets; sourceTree = "<group>"; };
		AE62168C1F9C5F740067E9D2 /* Base */ = {isa = PBXFileReference; lastKnownFileType = file.storyboard; name = Base; path = Base.lproj/LaunchScreen.storyboard; sourceTree = "<group>"; };
		AE62168E1F9C5F740067E9D2 /* Info.plist */ = {isa = PBXFileReference; lastKnownFileType = text.plist.xml; path = Info.plist; sourceTree = "<group>"; };
		AEAA79721F9DB0FA00EEB70B /* CalculatorBrain.swift */ = {isa = PBXFileReference; lastKnownFileType = sourcecode.swift; path = CalculatorBrain.swift; sourceTree = "<group>"; };
		AEAA79741F9DF54800EEB70B /* OperatorButton.swift */ = {isa = PBXFileReference; lastKnownFileType = sourcecode.swift; path = OperatorButton.swift; sourceTree = "<group>"; };
		AEAA79761F9DF76D00EEB70B /* Chameleon.framework */ = {isa = PBXFileReference; lastKnownFileType = wrapper.framework; name = Chameleon.framework; path = Carthage/Build/iOS/Chameleon.framework; sourceTree = "<group>"; };
/* End PBXFileReference section */

/* Begin PBXFrameworksBuildPhase section */
		AE62167C1F9C5F740067E9D2 /* Frameworks */ = {
			isa = PBXFrameworksBuildPhase;
			buildActionMask = 2147483647;
			files = (
				AEAA79771F9DF76D00EEB70B /* Chameleon.framework in Frameworks */,
			);
			runOnlyForDeploymentPostprocessing = 0;
		};
/* End PBXFrameworksBuildPhase section */

/* Begin PBXGroup section */
		AE6216761F9C5F740067E9D2 = {
			isa = PBXGroup;
			children = (
				AEAA79761F9DF76D00EEB70B /* Chameleon.framework */,
				AE6216811F9C5F740067E9D2 /* Calculator */,
				AE6216801F9C5F740067E9D2 /* Products */,
			);
			sourceTree = "<group>";
		};
		AE6216801F9C5F740067E9D2 /* Products */ = {
			isa = PBXGroup;
			children = (
				AE62167F1F9C5F740067E9D2 /* Calculator.app */,
			);
			name = Products;
			sourceTree = "<group>";
		};
		AE6216811F9C5F740067E9D2 /* Calculator */ = {
			isa = PBXGroup;
			children = (
				AEAA79741F9DF54800EEB70B /* OperatorButton.swift */,
				AE6216941F9C5FFA0067E9D2 /* Supporting Files */,
				AE6216841F9C5F740067E9D2 /* ViewController.swift */,
				AE6216861F9C5F740067E9D2 /* Main.storyboard */,
				AEAA79721F9DB0FA00EEB70B /* CalculatorBrain.swift */,
				AE4E51FF1F9F0CC4007EFFBB /* DisplayValueLabel.swift */,
			);
			path = Calculator;
			sourceTree = "<group>";
		};
		AE6216941F9C5FFA0067E9D2 /* Supporting Files */ = {
			isa = PBXGroup;
			children = (
				AE6216821F9C5F740067E9D2 /* AppDelegate.swift */,
				AE6216891F9C5F740067E9D2 /* Assets.xcassets */,
				AE62168B1F9C5F740067E9D2 /* LaunchScreen.storyboard */,
				AE62168E1F9C5F740067E9D2 /* Info.plist */,
			);
			path = "Supporting Files";
			sourceTree = "<group>";
		};
/* End PBXGroup section */

/* Begin PBXNativeTarget section */
		AE62167E1F9C5F740067E9D2 /* Calculator */ = {
			isa = PBXNativeTarget;
			buildConfigurationList = AE6216911F9C5F740067E9D2 /* Build configuration list for PBXNativeTarget "Calculator" */;
			buildPhases = (
				AE62167B1F9C5F740067E9D2 /* Sources */,
				AE62167C1F9C5F740067E9D2 /* Frameworks */,
				AE62167D1F9C5F740067E9D2 /* Resources */,
				AEAA79791F9DF76D00EEB70B /* Embed Frameworks */,
			);
			buildRules = (
			);
			dependencies = (
			);
			name = Calculator;
			productName = Calculator;
			productReference = AE62167F1F9C5F740067E9D2 /* Calculator.app */;
			productType = "com.apple.product-type.application";
		};
/* End PBXNativeTarget section */

/* Begin PBXProject section */
		AE6216771F9C5F740067E9D2 /* Project object */ = {
			isa = PBXProject;
			attributes = {
				LastSwiftUpdateCheck = 0900;
				LastUpgradeCheck = 0900;
				ORGANIZATIONNAME = "James Liu";
				TargetAttributes = {
					AE62167E1F9C5F740067E9D2 = {
						CreatedOnToolsVersion = 9.0.1;
						ProvisioningStyle = Automatic;
					};
				};
			};
			buildConfigurationList = AE62167A1F9C5F740067E9D2 /* Build configuration list for PBXProject "Calculator" */;
			compatibilityVersion = "Xcode 8.0";
			developmentRegion = en;
			hasScannedForEncodings = 0;
			knownRegions = (
				en,
				Base,
			);
			mainGroup = AE6216761F9C5F740067E9D2;
			productRefGroup = AE6216801F9C5F740067E9D2 /* Products */;
			projectDirPath = "";
			projectRoot = "";
			targets = (
				AE62167E1F9C5F740067E9D2 /* Calculator */,
			);
		};
/* End PBXProject section */

/* Begin PBXResourcesBuildPhase section */
		AE62167D1F9C5F740067E9D2 /* Resources */ = {
			isa = PBXResourcesBuildPhase;
			buildActionMask = 2147483647;
			files = (
				AE62168D1F9C5F740067E9D2 /* LaunchScreen.storyboard in Resources */,
				AE62168A1F9C5F740067E9D2 /* Assets.xcassets in Resources */,
				AE6216881F9C5F740067E9D2 /* Main.storyboard in Resources */,
			);
			runOnlyForDeploymentPostprocessing = 0;
		};
/* End PBXResourcesBuildPhase section */

/* Begin PBXSourcesBuildPhase section */
		AE62167B1F9C5F740067E9D2 /* Sources */ = {
			isa = PBXSourcesBuildPhase;
			buildActionMask = 2147483647;
			files = (
				AEAA79731F9DB0FA00EEB70B /* CalculatorBrain.swift in Sources */,
				AE6216851F9C5F740067E9D2 /* ViewController.swift in Sources */,
				AE6216831F9C5F740067E9D2 /* AppDelegate.swift in Sources */,
				AE4E52001F9F0CC4007EFFBB /* DisplayValueLabel.swift in Sources */,
				AEAA79751F9DF54800EEB70B /* OperatorButton.swift in Sources */,
			);
			runOnlyForDeploymentPostprocessing = 0;
		};
/* End PBXSourcesBuildPhase section */

/* Begin PBXVariantGroup section */
		AE6216861F9C5F740067E9D2 /* Main.storyboard */ = {
			isa = PBXVariantGroup;
			children = (
				AE6216871F9C5F740067E9D2 /* Base */,
			);
			name = Main.storyboard;
			sourceTree = "<group>";
		};
		AE62168B1F9C5F740067E9D2 /* LaunchScreen.storyboard */ = {
			isa = PBXVariantGroup;
			children = (
				AE62168C1F9C5F740067E9D2 /* Base */,
			);
			name = LaunchScreen.storyboard;
			sourceTree = "<group>";
		};
/* End PBXVariantGroup section */

/* Begin XCBuildConfiguration section */
		AE62168F1F9C5F740067E9D2 /* Debug */ = {
			isa = XCBuildConfiguration;
			buildSettings = {
				ALWAYS_SEARCH_USER_PATHS = NO;
				CLANG_ANALYZER_NONNULL = YES;
				CLANG_ANALYZER_NUMBER_OBJECT_CONVERSION = YES_AGGRESSIVE;
				CLANG_CXX_LANGUAGE_STANDARD = "gnu++14";
				CLANG_CXX_LIBRARY = "libc++";
				CLANG_ENABLE_MODULES = YES;
				CLANG_ENABLE_OBJC_ARC = YES;
				CLANG_WARN_BLOCK_CAPTURE_AUTORELEASING = YES;
				CLANG_WARN_BOOL_CONVERSION = YES;
				CLANG_WARN_COMMA = YES;
				CLANG_WARN_CONSTANT_CONVERSION = YES;
				CLANG_WARN_DIRECT_OBJC_ISA_USAGE = YES_ERROR;
				CLANG_WARN_DOCUMENTATION_COMMENTS = YES;
				CLANG_WARN_EMPTY_BODY = YES;
				CLANG_WARN_ENUM_CONVERSION = YES;
				CLANG_WARN_INFINITE_RECURSION = YES;
				CLANG_WARN_INT_CONVERSION = YES;
				CLANG_WARN_NON_LITERAL_NULL_CONVERSION = YES;
				CLANG_WARN_OBJC_LITERAL_CONVERSION = YES;
				CLANG_WARN_OBJC_ROOT_CLASS = YES_ERROR;
				CLANG_WARN_RANGE_LOOP_ANALYSIS = YES;
				CLANG_WARN_STRICT_PROTOTYPES = YES;
				CLANG_WARN_SUSPICIOUS_MOVE = YES;
				CLANG_WARN_UNGUARDED_AVAILABILITY = YES_AGGRESSIVE;
				CLANG_WARN_UNREACHABLE_CODE = YES;
				CLANG_WARN__DUPLICATE_METHOD_MATCH = YES;
				CODE_SIGN_IDENTITY = "iPhone Developer";
				COPY_PHASE_STRIP = NO;
				DEBUG_INFORMATION_FORMAT = dwarf;
				ENABLE_STRICT_OBJC_MSGSEND = YES;
				ENABLE_TESTABILITY = YES;
				GCC_C_LANGUAGE_STANDARD = gnu11;
				GCC_DYNAMIC_NO_PIC = NO;
				GCC_NO_COMMON_BLOCKS = YES;
				GCC_OPTIMIZATION_LEVEL = 0;
				GCC_PREPROCESSOR_DEFINITIONS = (
					"DEBUG=1",
					"$(inherited)",
				);
				GCC_WARN_64_TO_32_BIT_CONVERSION = YES;
				GCC_WARN_ABOUT_RETURN_TYPE = YES_ERROR;
				GCC_WARN_UNDECLARED_SELECTOR = YES;
				GCC_WARN_UNINITIALIZED_AUTOS = YES_AGGRESSIVE;
				GCC_WARN_UNUSED_FUNCTION = YES;
				GCC_WARN_UNUSED_VARIABLE = YES;
				IPHONEOS_DEPLOYMENT_TARGET = 11.0;
				MTL_ENABLE_DEBUG_INFO = YES;
				ONLY_ACTIVE_ARCH = YES;
				SDKROOT = iphoneos;
				SWIFT_ACTIVE_COMPILATION_CONDITIONS = DEBUG;
				SWIFT_OPTIMIZATION_LEVEL = "-Onone";
			};
			name = Debug;
		};
		AE6216901F9C5F740067E9D2 /* Release */ = {
			isa = XCBuildConfiguration;
			buildSettings = {
				ALWAYS_SEARCH_USER_PATHS = NO;
				CLANG_ANALYZER_NONNULL = YES;
				CLANG_ANALYZER_NUMBER_OBJECT_CONVERSION = YES_AGGRESSIVE;
				CLANG_CXX_LANGUAGE_STANDARD = "gnu++14";
				CLANG_CXX_LIBRARY = "libc++";
				CLANG_ENABLE_MODULES = YES;
				CLANG_ENABLE_OBJC_ARC = YES;
				CLANG_WARN_BLOCK_CAPTURE_AUTORELEASING = YES;
				CLANG_WARN_BOOL_CONVERSION = YES;
				CLANG_WARN_COMMA = YES;
				CLANG_WARN_CONSTANT_CONVERSION = YES;
				CLANG_WARN_DIRECT_OBJC_ISA_USAGE = YES_ERROR;
				CLANG_WARN_DOCUMENTATION_COMMENTS = YES;
				CLANG_WARN_EMPTY_BODY = YES;
				CLANG_WARN_ENUM_CONVERSION = YES;
				CLANG_WARN_INFINITE_RECURSION = YES;
				CLANG_WARN_INT_CONVERSION = YES;
				CLANG_WARN_NON_LITERAL_NULL_CONVERSION = YES;
				CLANG_WARN_OBJC_LITERAL_CONVERSION = YES;
				CLANG_WARN_OBJC_ROOT_CLASS = YES_ERROR;
				CLANG_WARN_RANGE_LOOP_ANALYSIS = YES;
				CLANG_WARN_STRICT_PROTOTYPES = YES;
				CLANG_WARN_SUSPICIOUS_MOVE = YES;
				CLANG_WARN_UNGUARDED_AVAILABILITY = YES_AGGRESSIVE;
				CLANG_WARN_UNREACHABLE_CODE = YES;
				CLANG_WARN__DUPLICATE_METHOD_MATCH = YES;
				CODE_SIGN_IDENTITY = "iPhone Developer";
				COPY_PHASE_STRIP = NO;
				DEBUG_INFORMATION_FORMAT = "dwarf-with-dsym";
				ENABLE_NS_ASSERTIONS = NO;
				ENABLE_STRICT_OBJC_MSGSEND = YES;
				GCC_C_LANGUAGE_STANDARD = gnu11;
				GCC_NO_COMMON_BLOCKS = YES;
				GCC_WARN_64_TO_32_BIT_CONVERSION = YES;
				GCC_WARN_ABOUT_RETURN_TYPE = YES_ERROR;
				GCC_WARN_UNDECLARED_SELECTOR = YES;
				GCC_WARN_UNINITIALIZED_AUTOS = YES_AGGRESSIVE;
				GCC_WARN_UNUSED_FUNCTION = YES;
				GCC_WARN_UNUSED_VARIABLE = YES;
				IPHONEOS_DEPLOYMENT_TARGET = 11.0;
				MTL_ENABLE_DEBUG_INFO = NO;
				SDKROOT = iphoneos;
				SWIFT_OPTIMIZATION_LEVEL = "-Owholemodule";
				VALIDATE_PRODUCT = YES;
			};
			name = Release;
		};
		AE6216921F9C5F740067E9D2 /* Debug */ = {
			isa = XCBuildConfiguration;
			buildSettings = {
				ASSETCATALOG_COMPILER_APPICON_NAME = AppIcon;
				CODE_SIGN_STYLE = Automatic;
				DEVELOPMENT_TEAM = 5WFUXN96S7;
				FRAMEWORK_SEARCH_PATHS = (
					"$(inherited)",
					"$(PROJECT_DIR)/Carthage/Build/iOS",
				);
				INFOPLIST_FILE = "Calculator/Supporting Files/Info.plist";
				LD_RUNPATH_SEARCH_PATHS = "$(inherited) @executable_path/Frameworks";
				PRODUCT_BUNDLE_IDENTIFIER = com.inliu.Calculator;
				PRODUCT_NAME = "$(TARGET_NAME)";
				SWIFT_VERSION = 4.0;
				TARGETED_DEVICE_FAMILY = "1,2";
			};
			name = Debug;
		};
		AE6216931F9C5F740067E9D2 /* Release */ = {
			isa = XCBuildConfiguration;
			buildSettings = {
				ASSETCATALOG_COMPILER_APPICON_NAME = AppIcon;
				CODE_SIGN_STYLE = Automatic;
				DEVELOPMENT_TEAM = 5WFUXN96S7;
				FRAMEWORK_SEARCH_PATHS = (
					"$(inherited)",
					"$(PROJECT_DIR)/Carthage/Build/iOS",
				);
				INFOPLIST_FILE = "Calculator/Supporting Files/Info.plist";
				LD_RUNPATH_SEARCH_PATHS = "$(inherited) @executable_path/Frameworks";
				PRODUCT_BUNDLE_IDENTIFIER = com.inliu.Calculator;
				PRODUCT_NAME = "$(TARGET_NAME)";
				SWIFT_VERSION = 4.0;
				TARGETED_DEVICE_FAMILY = "1,2";
			};
			name = Release;
		};
/* End XCBuildConfiguration section */

/* Begin XCConfigurationList section */
		AE62167A1F9C5F740067E9D2 /* Build configuration list for PBXProject "Calculator" */ = {
			isa = XCConfigurationList;
			buildConfigurations = (
				AE62168F1F9C5F740067E9D2 /* Debug */,
				AE6216901F9C5F740067E9D2 /* Release */,
			);
			defaultConfigurationIsVisible = 0;
			defaultConfigurationName = Release;
		};
		AE6216911F9C5F740067E9D2 /* Build configuration list for PBXNativeTarget "Calculator" */ = {
			isa = XCConfigurationList;
			buildConfigurations = (
				AE6216921F9C5F740067E9D2 /* Debug */,
				AE6216931F9C5F740067E9D2 /* Release */,
			);
			defaultConfigurationIsVisible = 0;
			defaultConfigurationName = Release;
		};
/* End XCConfigurationList section */
	};
	rootObject = AE6216771F9C5F740067E9D2 /* Project object */;
}
